
Microsoft Visual Studio Solution File, Format Version 12.00
# Visual Studio Version 16
VisualStudioVersion = 16.0.30011.22
MinimumVisualStudioVersion = 10.0.40219.1
Project("{FAE04EC0-301F-11D3-BF4B-00C04F79EFBC}") = "UsoDoIf", "UsoDoIf.csproj", "{9E173BEA-D8E1-45CF-A1F3-DA1D3F50C352}"
EndProject
Global
	GlobalSection(SolutionConfigurationPlatforms) = preSolution
		Debug|Any CPU = Debug|Any CPU
		Release|Any CPU = Release|Any CPU
	EndGlobalSection
	GlobalSection(ProjectConfigurationPlatforms) = postSolution
		{9E173BEA-D8E1-45CF-A1F3-DA1D3F50C352}.Debug|Any CPU.ActiveCfg = Debug|Any CPU
		{9E173BEA-D8E1-45CF-A1F3-DA1D3F50C352}.Debug|Any CPU.Build.0 = Debug|Any CPU
		{9E173BEA-D8E1-45CF-A1F3-DA1D3F50C352}.Release|Any CPU.ActiveCfg = Release|Any CPU
		{9E173BEA-D8E1-45CF-A1F3-DA1D3F50C352}.Release|Any CPU.Build.0 = Release|Any CPU
	EndGlobalSection
	GlobalSection(SolutionProperties) = preSolution
		HideSolutionNode = FALSE
	EndGlobalSection
	GlobalSection(ExtensibilityGlobals) = postSolution
		SolutionGuid = {1A19401B-D202-43EC-BDE9-9BF6FD1297FF}
	EndGlobalSection
EndGlobal
